
Microsoft Visual Studio Solution File, Format Version 12.00
# Visual Studio Version 17
VisualStudioVersion = 17.12.35527.113 d17.12
MinimumVisualStudioVersion = 10.0.40219.1
Project("{FAE04EC0-301F-11D3-BF4B-00C04F79EFBC}") = "AssetConsoleTest", "AssetConsoleTest\AssetConsoleTest.csproj", "{A761CB28-0814-42AF-A44A-8E360AD9967C}"
EndProject
Project("{FAE04EC0-301F-11D3-BF4B-00C04F79EFBC}") = "DataService", "..\DataService\DataService\DataService.csproj", "{5DF3A733-DC06-4E64-A394-DCC37C52A7AF}"
EndProject
Global
	GlobalSection(SolutionConfigurationPlatforms) = preSolution
		Debug|Any CPU = Debug|Any CPU
		Release|Any CPU = Release|Any CPU
	EndGlobalSection
	GlobalSection(ProjectConfigurationPlatforms) = postSolution
		{A761CB28-0814-42AF-A44A-8E360AD9967C}.Debug|Any CPU.ActiveCfg = Debug|Any CPU
		{A761CB28-0814-42AF-A44A-8E360AD9967C}.Debug|Any CPU.Build.0 = Debug|Any CPU
		{A761CB28-0814-42AF-A44A-8E360AD9967C}.Release|Any CPU.ActiveCfg = Release|Any CPU
		{A761CB28-0814-42AF-A44A-8E360AD9967C}.Release|Any CPU.Build.0 = Release|Any CPU
		{5DF3A733-DC06-4E64-A394-DCC37C52A7AF}.Debug|Any CPU.ActiveCfg = Debug|Any CPU
		{5DF3A733-DC06-4E64-A394-DCC37C52A7AF}.Debug|Any CPU.Build.0 = Debug|Any CPU
		{5DF3A733-DC06-4E64-A394-DCC37C52A7AF}.Release|Any CPU.ActiveCfg = Release|Any CPU
		{5DF3A733-DC06-4E64-A394-DCC37C52A7AF}.Release|Any CPU.Build.0 = Release|Any CPU
	EndGlobalSection
	GlobalSection(SolutionProperties) = preSolution
		HideSolutionNode = FALSE
	EndGlobalSection
EndGlobal
